// !$*UTF8*$!
{
	archiveVersion = 1;
	classes = {
	};
	objectVersion = 56;
	objects = {

/* Begin PBXBuildFile section */
		0704E51D2B4B66FE00B5F31C /* RatingView.swift in Sources */ = {isa = PBXBuildFile; fileRef = 0704E51C2B4B66FE00B5F31C /* RatingView.swift */; };
		0704E5212B51BB1A00B5F31C /* MoviesNetworkManager.swift in Sources */ = {isa = PBXBuildFile; fileRef = 0704E5202B51BB1A00B5F31C /* MoviesNetworkManager.swift */; };
		0704E5272B51BCCE00B5F31C /* MovieGenres.swift in Sources */ = {isa = PBXBuildFile; fileRef = 0704E5262B51BCCE00B5F31C /* MovieGenres.swift */; };
		078E148B2B3B8D3B00E0F411 /* ImageLoader.swift in Sources */ = {isa = PBXBuildFile; fileRef = 078E148A2B3B8D3B00E0F411 /* ImageLoader.swift */; };
		07BF659B2B4609D300B60C47 /* MovieDetailsViewController.swift in Sources */ = {isa = PBXBuildFile; fileRef = 07BF65992B4609D300B60C47 /* MovieDetailsViewController.swift */; };
		07BF659C2B4609D300B60C47 /*  .xib in Resources */ = {isa = PBXBuildFile; fileRef = 07BF659A2B4609D300B60C47 /*  .xib */; };
		07FAE0522B61497200164D7D /* MovieDetailViewController.xib in Resources */ = {isa = PBXBuildFile; fileRef = 07FAE0512B61497200164D7D /* MovieDetailViewController.xib */; };
		3B3C26A62B2B79A700342C56 /* NetworkManager.swift in Sources */ = {isa = PBXBuildFile; fileRef = 3B3C26A52B2B79A700342C56 /* NetworkManager.swift */; };
		3B3FACCC2B2483980064E4F2 /* AppDelegate.swift in Sources */ = {isa = PBXBuildFile; fileRef = 3B3FACCB2B2483980064E4F2 /* AppDelegate.swift */; };
		3B3FACCE2B2483980064E4F2 /* SceneDelegate.swift in Sources */ = {isa = PBXBuildFile; fileRef = 3B3FACCD2B2483980064E4F2 /* SceneDelegate.swift */; };
		3B3FACD32B2483980064E4F2 /* Main.storyboard in Resources */ = {isa = PBXBuildFile; fileRef = 3B3FACD12B2483980064E4F2 /* Main.storyboard */; };
		3B3FACD62B2483980064E4F2 /* testMovies.xcdatamodeld in Sources */ = {isa = PBXBuildFile; fileRef = 3B3FACD42B2483980064E4F2 /* testMovies.xcdatamodeld */; };
		3B3FACD82B24839A0064E4F2 /* Assets.xcassets in Resources */ = {isa = PBXBuildFile; fileRef = 3B3FACD72B24839A0064E4F2 /* Assets.xcassets */; };
		3B3FACDB2B24839A0064E4F2 /* LaunchScreen.storyboard in Resources */ = {isa = PBXBuildFile; fileRef = 3B3FACD92B24839A0064E4F2 /* LaunchScreen.storyboard */; };
		3B4AFC0E2B2B8C4700099FCE /* MoviesResult.swift in Sources */ = {isa = PBXBuildFile; fileRef = 3B4AFC0D2B2B8C4700099FCE /* MoviesResult.swift */; };
		3B872CAE2B274FF400667034 /* HomeViewController.swift in Sources */ = {isa = PBXBuildFile; fileRef = 3B872CAD2B274FF400667034 /* HomeViewController.swift */; };
		3B872CB22B275B6000667034 /* HomeCollectionViewCell.swift in Sources */ = {isa = PBXBuildFile; fileRef = 3B872CB02B275B6000667034 /* HomeCollectionViewCell.swift */; };
		3B872CB32B275B6000667034 /* HomeCollectionViewCell.xib in Resources */ = {isa = PBXBuildFile; fileRef = 3B872CB12B275B6000667034 /* HomeCollectionViewCell.xib */; };
/* End PBXBuildFile section */

/* Begin PBXFileReference section */
		0704E51C2B4B66FE00B5F31C /* RatingView.swift */ = {isa = PBXFileReference; lastKnownFileType = sourcecode.swift; path = RatingView.swift; sourceTree = "<group>"; };
		0704E5202B51BB1A00B5F31C /* MoviesNetworkManager.swift */ = {isa = PBXFileReference; lastKnownFileType = sourcecode.swift; name = MoviesNetworkManager.swift; path = Models/MoviesNetworkManager.swift; sourceTree = "<group>"; };
		0704E5262B51BCCE00B5F31C /* MovieGenres.swift */ = {isa = PBXFileReference; lastKnownFileType = sourcecode.swift; path = MovieGenres.swift; sourceTree = "<group>"; };
		078E148A2B3B8D3B00E0F411 /* ImageLoader.swift */ = {isa = PBXFileReference; lastKnownFileType = sourcecode.swift; path = ImageLoader.swift; sourceTree = "<group>"; };
		07BF65992B4609D300B60C47 /* MovieDetailsViewController.swift */ = {isa = PBXFileReference; lastKnownFileType = sourcecode.swift; path = MovieDetailsViewController.swift; sourceTree = "<group>"; };
		07BF659A2B4609D300B60C47 /*  .xib */ = {isa = PBXFileReference; lastKnownFileType = file.xib; path = " .xib"; sourceTree = "<group>"; };
		07FAE0512B61497200164D7D /* MovieDetailViewController.xib */ = {isa = PBXFileReference; lastKnownFileType = file.xib; path = MovieDetailViewController.xib; sourceTree = "<group>"; };
		3B3C26A52B2B79A700342C56 /* NetworkManager.swift */ = {isa = PBXFileReference; lastKnownFileType = sourcecode.swift; path = NetworkManager.swift; sourceTree = "<group>"; };
		3B3FACC82B2483980064E4F2 /* testMovies.app */ = {isa = PBXFileReference; explicitFileType = wrapper.application; includeInIndex = 0; path = testMovies.app; sourceTree = BUILT_PRODUCTS_DIR; };
		3B3FACCB2B2483980064E4F2 /* AppDelegate.swift */ = {isa = PBXFileReference; lastKnownFileType = sourcecode.swift; path = AppDelegate.swift; sourceTree = "<group>"; };
		3B3FACCD2B2483980064E4F2 /* SceneDelegate.swift */ = {isa = PBXFileReference; lastKnownFileType = sourcecode.swift; path = SceneDelegate.swift; sourceTree = "<group>"; };
		3B3FACD22B2483980064E4F2 /* Base */ = {isa = PBXFileReference; lastKnownFileType = file.storyboard; name = Base; path = Base.lproj/Main.storyboard; sourceTree = "<group>"; };
		3B3FACD52B2483980064E4F2 /* testMovies.xcdatamodel */ = {isa = PBXFileReference; lastKnownFileType = wrapper.xcdatamodel; path = testMovies.xcdatamodel; sourceTree = "<group>"; };
		3B3FACD72B24839A0064E4F2 /* Assets.xcassets */ = {isa = PBXFileReference; lastKnownFileType = folder.assetcatalog; path = Assets.xcassets; sourceTree = "<group>"; };
		3B3FACDA2B24839A0064E4F2 /* Base */ = {isa = PBXFileReference; lastKnownFileType = file.storyboard; name = Base; path = Base.lproj/LaunchScreen.storyboard; sourceTree = "<group>"; };
		3B3FACDC2B24839A0064E4F2 /* Info.plist */ = {isa = PBXFileReference; lastKnownFileType = text.plist.xml; path = Info.plist; sourceTree = "<group>"; };
		3B4AFC0D2B2B8C4700099FCE /* MoviesResult.swift */ = {isa = PBXFileReference; lastKnownFileType = sourcecode.swift; path = MoviesResult.swift; sourceTree = "<group>"; };
		3B872CAD2B274FF400667034 /* HomeViewController.swift */ = {isa = PBXFileReference; lastKnownFileType = sourcecode.swift; path = HomeViewController.swift; sourceTree = "<group>"; };
		3B872CB02B275B6000667034 /* HomeCollectionViewCell.swift */ = {isa = PBXFileReference; lastKnownFileType = sourcecode.swift; path = HomeCollectionViewCell.swift; sourceTree = "<group>"; };
		3B872CB12B275B6000667034 /* HomeCollectionViewCell.xib */ = {isa = PBXFileReference; lastKnownFileType = file.xib; path = HomeCollectionViewCell.xib; sourceTree = "<group>"; };
/* End PBXFileReference section */

/* Begin PBXFrameworksBuildPhase section */
		3B3FACC52B2483980064E4F2 /* Frameworks */ = {
			isa = PBXFrameworksBuildPhase;
			buildActionMask = 2147483647;
			files = (
			);
			runOnlyForDeploymentPostprocessing = 0;
		};
/* End PBXFrameworksBuildPhase section */

/* Begin PBXGroup section */
		078E148C2B3B91F000E0F411 /* MovieDetails */ = {
			isa = PBXGroup;
			children = (
				07BF65992B4609D300B60C47 /* MovieDetailsViewController.swift */,
				07FAE0512B61497200164D7D /* MovieDetailViewController.xib */,
				0704E51C2B4B66FE00B5F31C /* RatingView.swift */,
				07BF659A2B4609D300B60C47 /*  .xib */,
			);
			path = MovieDetails;
			sourceTree = "<group>";
		};
		3B153B0B2B278A2000EC1DBD /* HomeView */ = {
			isa = PBXGroup;
			children = (
				3B872CAF2B275B3400667034 /* Cell */,
				3B872CAD2B274FF400667034 /* HomeViewController.swift */,
			);
			path = HomeView;
			sourceTree = "<group>";
		};
		3B3C26A42B2B798100342C56 /* Network_Layer */ = {
			isa = PBXGroup;
			children = (
				3B4AFC0C2B2B8C2800099FCE /* Models */,
				3B3C26A52B2B79A700342C56 /* NetworkManager.swift */,
				0704E5202B51BB1A00B5F31C /* MoviesNetworkManager.swift */,
				0704E5262B51BCCE00B5F31C /* MovieGenres.swift */,
			);
			path = Network_Layer;
			sourceTree = "<group>";
		};
		3B3FACBF2B2483980064E4F2 = {
			isa = PBXGroup;
			children = (
				3B3FACCA2B2483980064E4F2 /* testMovies */,
				3B3FACC92B2483980064E4F2 /* Products */,
			);
			sourceTree = "<group>";
		};
		3B3FACC92B2483980064E4F2 /* Products */ = {
			isa = PBXGroup;
			children = (
				3B3FACC82B2483980064E4F2 /* testMovies.app */,
			);
			name = Products;
			sourceTree = "<group>";
		};
		3B3FACCA2B2483980064E4F2 /* testMovies */ = {
			isa = PBXGroup;
			children = (
				3B3C26A42B2B798100342C56 /* Network_Layer */,
				3B872CAC2B274F6100667034 /* View_Controllers */,
				3B3FACCB2B2483980064E4F2 /* AppDelegate.swift */,
				3B3FACCD2B2483980064E4F2 /* SceneDelegate.swift */,
				3B3FACD12B2483980064E4F2 /* Main.storyboard */,
				3B3FACD72B24839A0064E4F2 /* Assets.xcassets */,
				3B3FACD92B24839A0064E4F2 /* LaunchScreen.storyboard */,
				3B3FACDC2B24839A0064E4F2 /* Info.plist */,
				3B3FACD42B2483980064E4F2 /* testMovies.xcdatamodeld */,
			);
			path = testMovies;
			sourceTree = "<group>";
		};
		3B4AFC0C2B2B8C2800099FCE /* Models */ = {
			isa = PBXGroup;
			children = (
				3B4AFC0D2B2B8C4700099FCE /* MoviesResult.swift */,
				078E148A2B3B8D3B00E0F411 /* ImageLoader.swift */,
			);
			path = Models;
			sourceTree = "<group>";
		};
		3B872CAC2B274F6100667034 /* View_Controllers */ = {
			isa = PBXGroup;
			children = (
				078E148C2B3B91F000E0F411 /* MovieDetails */,
				3B153B0B2B278A2000EC1DBD /* HomeView */,
			);
			path = View_Controllers;
			sourceTree = "<group>";
		};
		3B872CAF2B275B3400667034 /* Cell */ = {
			isa = PBXGroup;
			children = (
				3B872CB12B275B6000667034 /* HomeCollectionViewCell.xib */,
				3B872CB02B275B6000667034 /* HomeCollectionViewCell.swift */,
			);
			path = Cell;
			sourceTree = "<group>";
		};
/* End PBXGroup section */

/* Begin PBXNativeTarget section */
		3B3FACC72B2483980064E4F2 /* testMovies */ = {
			isa = PBXNativeTarget;
			buildConfigurationList = 3B3FACDF2B24839A0064E4F2 /* Build configuration list for PBXNativeTarget "testMovies" */;
			buildPhases = (
				3B3FACC42B2483980064E4F2 /* Sources */,
				3B3FACC52B2483980064E4F2 /* Frameworks */,
				3B3FACC62B2483980064E4F2 /* Resources */,
			);
			buildRules = (
			);
			dependencies = (
			);
			name = testMovies;
			productName = testMovies;
			productReference = 3B3FACC82B2483980064E4F2 /* testMovies.app */;
			productType = "com.apple.product-type.application";
		};
/* End PBXNativeTarget section */

/* Begin PBXProject section */
		3B3FACC02B2483980064E4F2 /* Project object */ = {
			isa = PBXProject;
			attributes = {
				BuildIndependentTargetsInParallel = 1;
				LastSwiftUpdateCheck = 1500;
				LastUpgradeCheck = 1500;
				TargetAttributes = {
					3B3FACC72B2483980064E4F2 = {
						CreatedOnToolsVersion = 15.0.1;
					};
				};
			};
			buildConfigurationList = 3B3FACC32B2483980064E4F2 /* Build configuration list for PBXProject "testMovies" */;
			compatibilityVersion = "Xcode 14.0";
			developmentRegion = en;
			hasScannedForEncodings = 0;
			knownRegions = (
				en,
				Base,
			);
			mainGroup = 3B3FACBF2B2483980064E4F2;
			productRefGroup = 3B3FACC92B2483980064E4F2 /* Products */;
			projectDirPath = "";
			projectRoot = "";
			targets = (
				3B3FACC72B2483980064E4F2 /* testMovies */,
			);
		};
/* End PBXProject section */

/* Begin PBXResourcesBuildPhase section */
		3B3FACC62B2483980064E4F2 /* Resources */ = {
			isa = PBXResourcesBuildPhase;
			buildActionMask = 2147483647;
			files = (
				07FAE0522B61497200164D7D /* MovieDetailViewController.xib in Resources */,
				3B3FACDB2B24839A0064E4F2 /* LaunchScreen.storyboard in Resources */,
				3B3FACD82B24839A0064E4F2 /* Assets.xcassets in Resources */,
				3B3FACD32B2483980064E4F2 /* Main.storyboard in Resources */,
				07BF659C2B4609D300B60C47 /*  .xib in Resources */,
				3B872CB32B275B6000667034 /* HomeCollectionViewCell.xib in Resources */,
			);
			runOnlyForDeploymentPostprocessing = 0;
		};
/* End PBXResourcesBuildPhase section */

/* Begin PBXSourcesBuildPhase section */
		3B3FACC42B2483980064E4F2 /* Sources */ = {
			isa = PBXSourcesBuildPhase;
			buildActionMask = 2147483647;
			files = (
				0704E51D2B4B66FE00B5F31C /* RatingView.swift in Sources */,
				3B3C26A62B2B79A700342C56 /* NetworkManager.swift in Sources */,
				3B872CAE2B274FF400667034 /* HomeViewController.swift in Sources */,
				3B3FACCC2B2483980064E4F2 /* AppDelegate.swift in Sources */,
				0704E5272B51BCCE00B5F31C /* MovieGenres.swift in Sources */,
				07BF659B2B4609D300B60C47 /* MovieDetailsViewController.swift in Sources */,
				3B3FACD62B2483980064E4F2 /* testMovies.xcdatamodeld in Sources */,
				078E148B2B3B8D3B00E0F411 /* ImageLoader.swift in Sources */,
				3B3FACCE2B2483980064E4F2 /* SceneDelegate.swift in Sources */,
				0704E5212B51BB1A00B5F31C /* MoviesNetworkManager.swift in Sources */,
				3B872CB22B275B6000667034 /* HomeCollectionViewCell.swift in Sources */,
				3B4AFC0E2B2B8C4700099FCE /* MoviesResult.swift in Sources */,
			);
			runOnlyForDeploymentPostprocessing = 0;
		};
/* End PBXSourcesBuildPhase section */

/* Begin PBXVariantGroup section */
		3B3FACD12B2483980064E4F2 /* Main.storyboard */ = {
			isa = PBXVariantGroup;
			children = (
				3B3FACD22B2483980064E4F2 /* Base */,
			);
			name = Main.storyboard;
			sourceTree = "<group>";
		};
		3B3FACD92B24839A0064E4F2 /* LaunchScreen.storyboard */ = {
			isa = PBXVariantGroup;
			children = (
				3B3FACDA2B24839A0064E4F2 /* Base */,
			);
			name = LaunchScreen.storyboard;
			sourceTree = "<group>";
		};
/* End PBXVariantGroup section */

/* Begin XCBuildConfiguration section */
		3B3FACDD2B24839A0064E4F2 /* Debug */ = {
			isa = XCBuildConfiguration;
			buildSettings = {
				ALWAYS_SEARCH_USER_PATHS = NO;
				ASSETCATALOG_COMPILER_GENERATE_SWIFT_ASSET_SYMBOL_EXTENSIONS = YES;
				CLANG_ANALYZER_NONNULL = YES;
				CLANG_ANALYZER_NUMBER_OBJECT_CONVERSION = YES_AGGRESSIVE;
				CLANG_CXX_LANGUAGE_STANDARD = "gnu++20";
				CLANG_ENABLE_MODULES = YES;
				CLANG_ENABLE_OBJC_ARC = YES;
				CLANG_ENABLE_OBJC_WEAK = YES;
				CLANG_WARN_BLOCK_CAPTURE_AUTORELEASING = YES;
				CLANG_WARN_BOOL_CONVERSION = YES;
				CLANG_WARN_COMMA = YES;
				CLANG_WARN_CONSTANT_CONVERSION = YES;
				CLANG_WARN_DEPRECATED_OBJC_IMPLEMENTATIONS = YES;
				CLANG_WARN_DIRECT_OBJC_ISA_USAGE = YES_ERROR;
				CLANG_WARN_DOCUMENTATION_COMMENTS = YES;
				CLANG_WARN_EMPTY_BODY = YES;
				CLANG_WARN_ENUM_CONVERSION = YES;
				CLANG_WARN_INFINITE_RECURSION = YES;
				CLANG_WARN_INT_CONVERSION = YES;
				CLANG_WARN_NON_LITERAL_NULL_CONVERSION = YES;
				CLANG_WARN_OBJC_IMPLICIT_RETAIN_SELF = YES;
				CLANG_WARN_OBJC_LITERAL_CONVERSION = YES;
				CLANG_WARN_OBJC_ROOT_CLASS = YES_ERROR;
				CLANG_WARN_QUOTED_INCLUDE_IN_FRAMEWORK_HEADER = YES;
				CLANG_WARN_RANGE_LOOP_ANALYSIS = YES;
				CLANG_WARN_STRICT_PROTOTYPES = YES;
				CLANG_WARN_SUSPICIOUS_MOVE = YES;
				CLANG_WARN_UNGUARDED_AVAILABILITY = YES_AGGRESSIVE;
				CLANG_WARN_UNREACHABLE_CODE = YES;
				CLANG_WARN__DUPLICATE_METHOD_MATCH = YES;
				COPY_PHASE_STRIP = NO;
				DEBUG_INFORMATION_FORMAT = dwarf;
				ENABLE_STRICT_OBJC_MSGSEND = YES;
				ENABLE_TESTABILITY = YES;
				ENABLE_USER_SCRIPT_SANDBOXING = YES;
				GCC_C_LANGUAGE_STANDARD = gnu17;
				GCC_DYNAMIC_NO_PIC = NO;
				GCC_NO_COMMON_BLOCKS = YES;
				GCC_OPTIMIZATION_LEVEL = 0;
				GCC_PREPROCESSOR_DEFINITIONS = (
					"DEBUG=1",
					"$(inherited)",
				);
				GCC_WARN_64_TO_32_BIT_CONVERSION = YES;
				GCC_WARN_ABOUT_RETURN_TYPE = YES_ERROR;
				GCC_WARN_UNDECLARED_SELECTOR = YES;
				GCC_WARN_UNINITIALIZED_AUTOS = YES_AGGRESSIVE;
				GCC_WARN_UNUSED_FUNCTION = YES;
				GCC_WARN_UNUSED_VARIABLE = YES;
				IPHONEOS_DEPLOYMENT_TARGET = 17.0;
				LOCALIZATION_PREFERS_STRING_CATALOGS = YES;
				MTL_ENABLE_DEBUG_INFO = INCLUDE_SOURCE;
				MTL_FAST_MATH = YES;
				ONLY_ACTIVE_ARCH = YES;
				SDKROOT = iphoneos;
				SWIFT_ACTIVE_COMPILATION_CONDITIONS = "DEBUG $(inherited)";
				SWIFT_OPTIMIZATION_LEVEL = "-Onone";
			};
			name = Debug;
		};
		3B3FACDE2B24839A0064E4F2 /* Release */ = {
			isa = XCBuildConfiguration;
			buildSettings = {
				ALWAYS_SEARCH_USER_PATHS = NO;
				ASSETCATALOG_COMPILER_GENERATE_SWIFT_ASSET_SYMBOL_EXTENSIONS = YES;
				CLANG_ANALYZER_NONNULL = YES;
				CLANG_ANALYZER_NUMBER_OBJECT_CONVERSION = YES_AGGRESSIVE;
				CLANG_CXX_LANGUAGE_STANDARD = "gnu++20";
				CLANG_ENABLE_MODULES = YES;
				CLANG_ENABLE_OBJC_ARC = YES;
				CLANG_ENABLE_OBJC_WEAK = YES;
				CLANG_WARN_BLOCK_CAPTURE_AUTORELEASING = YES;
				CLANG_WARN_BOOL_CONVERSION = YES;
				CLANG_WARN_COMMA = YES;
				CLANG_WARN_CONSTANT_CONVERSION = YES;
				CLANG_WARN_DEPRECATED_OBJC_IMPLEMENTATIONS = YES;
				CLANG_WARN_DIRECT_OBJC_ISA_USAGE = YES_ERROR;
				CLANG_WARN_DOCUMENTATION_COMMENTS = YES;
				CLANG_WARN_EMPTY_BODY = YES;
				CLANG_WARN_ENUM_CONVERSION = YES;
				CLANG_WARN_INFINITE_RECURSION = YES;
				CLANG_WARN_INT_CONVERSION = YES;
				CLANG_WARN_NON_LITERAL_NULL_CONVERSION = YES;
				CLANG_WARN_OBJC_IMPLICIT_RETAIN_SELF = YES;
				CLANG_WARN_OBJC_LITERAL_CONVERSION = YES;
				CLANG_WARN_OBJC_ROOT_CLASS = YES_ERROR;
				CLANG_WARN_QUOTED_INCLUDE_IN_FRAMEWORK_HEADER = YES;
				CLANG_WARN_RANGE_LOOP_ANALYSIS = YES;
				CLANG_WARN_STRICT_PROTOTYPES = YES;
				CLANG_WARN_SUSPICIOUS_MOVE = YES;
				CLANG_WARN_UNGUARDED_AVAILABILITY = YES_AGGRESSIVE;
				CLANG_WARN_UNREACHABLE_CODE = YES;
				CLANG_WARN__DUPLICATE_METHOD_MATCH = YES;
				COPY_PHASE_STRIP = NO;
				DEBUG_INFORMATION_FORMAT = "dwarf-with-dsym";
				ENABLE_NS_ASSERTIONS = NO;
				ENABLE_STRICT_OBJC_MSGSEND = YES;
				ENABLE_USER_SCRIPT_SANDBOXING = YES;
				GCC_C_LANGUAGE_STANDARD = gnu17;
				GCC_NO_COMMON_BLOCKS = YES;
				GCC_WARN_64_TO_32_BIT_CONVERSION = YES;
				GCC_WARN_ABOUT_RETURN_TYPE = YES_ERROR;
				GCC_WARN_UNDECLARED_SELECTOR = YES;
				GCC_WARN_UNINITIALIZED_AUTOS = YES_AGGRESSIVE;
				GCC_WARN_UNUSED_FUNCTION = YES;
				GCC_WARN_UNUSED_VARIABLE = YES;
				IPHONEOS_DEPLOYMENT_TARGET = 17.0;
				LOCALIZATION_PREFERS_STRING_CATALOGS = YES;
				MTL_ENABLE_DEBUG_INFO = NO;
				MTL_FAST_MATH = YES;
				SDKROOT = iphoneos;
				SWIFT_COMPILATION_MODE = wholemodule;
				VALIDATE_PRODUCT = YES;
			};
			name = Release;
		};
		3B3FACE02B24839A0064E4F2 /* Debug */ = {
			isa = XCBuildConfiguration;
			buildSettings = {
				ASSETCATALOG_COMPILER_APPICON_NAME = AppIcon;
				ASSETCATALOG_COMPILER_GLOBAL_ACCENT_COLOR_NAME = AccentColor;
				CODE_SIGN_STYLE = Automatic;
				CURRENT_PROJECT_VERSION = 1;
				DEVELOPMENT_TEAM = 8H3YXWVG3F;
				GENERATE_INFOPLIST_FILE = YES;
				INFOPLIST_FILE = testMovies/Info.plist;
				INFOPLIST_KEY_UIApplicationSupportsIndirectInputEvents = YES;
				INFOPLIST_KEY_UILaunchStoryboardName = LaunchScreen;
				INFOPLIST_KEY_UIMainStoryboardFile = Main;
				INFOPLIST_KEY_UISupportedInterfaceOrientations_iPad = "UIInterfaceOrientationPortrait UIInterfaceOrientationPortraitUpsideDown UIInterfaceOrientationLandscapeLeft UIInterfaceOrientationLandscapeRight";
				INFOPLIST_KEY_UISupportedInterfaceOrientations_iPhone = "UIInterfaceOrientationPortrait UIInterfaceOrientationLandscapeLeft UIInterfaceOrientationLandscapeRight";
				IPHONEOS_DEPLOYMENT_TARGET = 16.0;
				LD_RUNPATH_SEARCH_PATHS = (
					"$(inherited)",
					"@executable_path/Frameworks",
				);
				MARKETING_VERSION = 1.0;
				PRODUCT_BUNDLE_IDENTIFIER = d4tim.testMovies;
				PRODUCT_NAME = "$(TARGET_NAME)";
				SWIFT_EMIT_LOC_STRINGS = YES;
				SWIFT_VERSION = 5.0;
				TARGETED_DEVICE_FAMILY = "1,2";
			};
			name = Debug;
		};
		3B3FACE12B24839A0064E4F2 /* Release */ = {
			isa = XCBuildConfiguration;
			buildSettings = {
				ASSETCATALOG_COMPILER_APPICON_NAME = AppIcon;
				ASSETCATALOG_COMPILER_GLOBAL_ACCENT_COLOR_NAME = AccentColor;
				CODE_SIGN_STYLE = Automatic;
				CURRENT_PROJECT_VERSION = 1;
				DEVELOPMENT_TEAM = 8H3YXWVG3F;
				GENERATE_INFOPLIST_FILE = YES;
				INFOPLIST_FILE = testMovies/Info.plist;
				INFOPLIST_KEY_UIApplicationSupportsIndirectInputEvents = YES;
				INFOPLIST_KEY_UILaunchStoryboardName = LaunchScreen;
				INFOPLIST_KEY_UIMainStoryboardFile = Main;
				INFOPLIST_KEY_UISupportedInterfaceOrientations_iPad = "UIInterfaceOrientationPortrait UIInterfaceOrientationPortraitUpsideDown UIInterfaceOrientationLandscapeLeft UIInterfaceOrientationLandscapeRight";
				INFOPLIST_KEY_UISupportedInterfaceOrientations_iPhone = "UIInterfaceOrientationPortrait UIInterfaceOrientationLandscapeLeft UIInterfaceOrientationLandscapeRight";
				IPHONEOS_DEPLOYMENT_TARGET = 16.0;
				LD_RUNPATH_SEARCH_PATHS = (
					"$(inherited)",
					"@executable_path/Frameworks",
				);
				MARKETING_VERSION = 1.0;
				PRODUCT_BUNDLE_IDENTIFIER = d4tim.testMovies;
				PRODUCT_NAME = "$(TARGET_NAME)";
				SWIFT_EMIT_LOC_STRINGS = YES;
				SWIFT_VERSION = 5.0;
				TARGETED_DEVICE_FAMILY = "1,2";
			};
			name = Release;
		};
/* End XCBuildConfiguration section */

/* Begin XCConfigurationList section */
		3B3FACC32B2483980064E4F2 /* Build configuration list for PBXProject "testMovies" */ = {
			isa = XCConfigurationList;
			buildConfigurations = (
				3B3FACDD2B24839A0064E4F2 /* Debug */,
				3B3FACDE2B24839A0064E4F2 /* Release */,
			);
			defaultConfigurationIsVisible = 0;
			defaultConfigurationName = Release;
		};
		3B3FACDF2B24839A0064E4F2 /* Build configuration list for PBXNativeTarget "testMovies" */ = {
			isa = XCConfigurationList;
			buildConfigurations = (
				3B3FACE02B24839A0064E4F2 /* Debug */,
				3B3FACE12B24839A0064E4F2 /* Release */,
			);
			defaultConfigurationIsVisible = 0;
			defaultConfigurationName = Release;
		};
/* End XCConfigurationList section */

/* Begin XCVersionGroup section */
		3B3FACD42B2483980064E4F2 /* testMovies.xcdatamodeld */ = {
			isa = XCVersionGroup;
			children = (
				3B3FACD52B2483980064E4F2 /* testMovies.xcdatamodel */,
			);
			currentVersion = 3B3FACD52B2483980064E4F2 /* testMovies.xcdatamodel */;
			path = testMovies.xcdatamodeld;
			sourceTree = "<group>";
			versionGroupType = wrapper.xcdatamodel;
		};
/* End XCVersionGroup section */
	};
	rootObject = 3B3FACC02B2483980064E4F2 /* Project object */;
}
